
Microsoft Visual Studio Solution File, Format Version 12.00
# Visual Studio Version 16
VisualStudioVersion = 16.0.30114.105
MinimumVisualStudioVersion = 10.0.40219.1
Project("{9A19103F-16F7-4668-BE54-9A1E7A4F7556}") = "CommandAPI", "src\CommandAPI\CommandAPI.csproj", "{1DD274C3-A0C1-408C-BB44-036651528417}"
EndProject
Project("{9A19103F-16F7-4668-BE54-9A1E7A4F7556}") = "CommandAPI.Tests", "test\CommandAPI.Tests\CommandAPI.Tests.csproj", "{24CCA631-F501-471D-ABD6-8033C13DF60D}"
EndProject
Global
	GlobalSection(SolutionConfigurationPlatforms) = preSolution
		Debug|Any CPU = Debug|Any CPU
		Debug|x64 = Debug|x64
		Debug|x86 = Debug|x86
		Release|Any CPU = Release|Any CPU
		Release|x64 = Release|x64
		Release|x86 = Release|x86
	EndGlobalSection
	GlobalSection(ProjectConfigurationPlatforms) = postSolution
		{1DD274C3-A0C1-408C-BB44-036651528417}.Debug|Any CPU.ActiveCfg = Debug|Any CPU
		{1DD274C3-A0C1-408C-BB44-036651528417}.Debug|Any CPU.Build.0 = Debug|Any CPU
		{1DD274C3-A0C1-408C-BB44-036651528417}.Debug|x64.ActiveCfg = Debug|Any CPU
		{1DD274C3-A0C1-408C-BB44-036651528417}.Debug|x64.Build.0 = Debug|Any CPU
		{1DD274C3-A0C1-408C-BB44-036651528417}.Debug|x86.ActiveCfg = Debug|Any CPU
		{1DD274C3-A0C1-408C-BB44-036651528417}.Debug|x86.Build.0 = Debug|Any CPU
		{1DD274C3-A0C1-408C-BB44-036651528417}.Release|Any CPU.ActiveCfg = Release|Any CPU
		{1DD274C3-A0C1-408C-BB44-036651528417}.Release|Any CPU.Build.0 = Release|Any CPU
		{1DD274C3-A0C1-408C-BB44-036651528417}.Release|x64.ActiveCfg = Release|Any CPU
		{1DD274C3-A0C1-408C-BB44-036651528417}.Release|x64.Build.0 = Release|Any CPU
		{1DD274C3-A0C1-408C-BB44-036651528417}.Release|x86.ActiveCfg = Release|Any CPU
		{1DD274C3-A0C1-408C-BB44-036651528417}.Release|x86.Build.0 = Release|Any CPU
		{24CCA631-F501-471D-ABD6-8033C13DF60D}.Debug|Any CPU.ActiveCfg = Debug|Any CPU
		{24CCA631-F501-471D-ABD6-8033C13DF60D}.Debug|Any CPU.Build.0 = Debug|Any CPU
		{24CCA631-F501-471D-ABD6-8033C13DF60D}.Debug|x64.ActiveCfg = Debug|Any CPU
		{24CCA631-F501-471D-ABD6-8033C13DF60D}.Debug|x64.Build.0 = Debug|Any CPU
		{24CCA631-F501-471D-ABD6-8033C13DF60D}.Debug|x86.ActiveCfg = Debug|Any CPU
		{24CCA631-F501-471D-ABD6-8033C13DF60D}.Debug|x86.Build.0 = Debug|Any CPU
		{24CCA631-F501-471D-ABD6-8033C13DF60D}.Release|Any CPU.ActiveCfg = Release|Any CPU
		{24CCA631-F501-471D-ABD6-8033C13DF60D}.Release|Any CPU.Build.0 = Release|Any CPU
		{24CCA631-F501-471D-ABD6-8033C13DF60D}.Release|x64.ActiveCfg = Release|Any CPU
		{24CCA631-F501-471D-ABD6-8033C13DF60D}.Release|x64.Build.0 = Release|Any CPU
		{24CCA631-F501-471D-ABD6-8033C13DF60D}.Release|x86.ActiveCfg = Release|Any CPU
		{24CCA631-F501-471D-ABD6-8033C13DF60D}.Release|x86.Build.0 = Release|Any CPU
	EndGlobalSection
	GlobalSection(SolutionProperties) = preSolution
		HideSolutionNode = FALSE
	EndGlobalSection
	GlobalSection(ExtensibilityGlobals) = postSolution
		SolutionGuid = {8165CD51-48E2-4108-9850-1F6CE1EE278E}
	EndGlobalSection
EndGlobal
